Microsoft Visual Studio Solution File, Format Version 12.00
# Visual Studio Version 17
VisualStudioVersion = 17.5.2.0
MinimumVisualStudioVersion = 10.0.40219.1
Project("{FAE04EC0-301F-11D3-BF4B-00C04F79EFBC}") = "ServiPuntos.uy_mobile", "ServiPuntos.uy_mobile.csproj", "{4D6E7BCC-6F97-B3DD-249C-0E8A025B1809}"
EndProject
Global
	GlobalSection(SolutionConfigurationPlatforms) = preSolution
		Debug|Any CPU = Debug|Any CPU
		Release|Any CPU = Release|Any CPU
	EndGlobalSection
	GlobalSection(ProjectConfigurationPlatforms) = postSolution
		{4D6E7BCC-6F97-B3DD-249C-0E8A025B1809}.Debug|Any CPU.ActiveCfg = Debug|Any CPU
		{4D6E7BCC-6F97-B3DD-249C-0E8A025B1809}.Debug|Any CPU.Build.0 = Debug|Any CPU
		{4D6E7BCC-6F97-B3DD-249C-0E8A025B1809}.Release|Any CPU.ActiveCfg = Release|Any CPU
		{4D6E7BCC-6F97-B3DD-249C-0E8A025B1809}.Release|Any CPU.Build.0 = Release|Any CPU
	EndGlobalSection
	GlobalSection(SolutionProperties) = preSolution
		HideSolutionNode = FALSE
	EndGlobalSection
	GlobalSection(ExtensibilityGlobals) = postSolution
		SolutionGuid = {29244B31-6CE0-46BC-87ED-AC12559FD7BC}
	EndGlobalSection
EndGlobal
